schema: '2.0'
stages:
  prepare:
    cmd: python -m src.data_prep --params params.yaml --out 
      data/processed/train.csv data/processed/test.csv
    deps:
    - path: params.yaml
      hash: md5
      md5: d4e787221731f32346df99326ce9ad13
      size: 464
    - path: src/data_prep.py
      hash: md5
      md5: d0ab17a0692584e2ffabec2fb934d3a7
      size: 1362
    outs:
    - path: data/processed/test.csv
      hash: md5
      md5: 01b953eaf4c76a0e59a2443b7530cdd5
      size: 193030
    - path: data/processed/train.csv
      hash: md5
      md5: 0855646a0ee6696200f388e1f78e158b
      size: 770196
  train:
    cmd: python -m src.train --params params.yaml --train 
      data/processed/train.csv --model models/model.pkl
    deps:
    - path: data/processed/train.csv
      hash: md5
      md5: 0855646a0ee6696200f388e1f78e158b
      size: 770196
    - path: params.yaml
      hash: md5
      md5: d4e787221731f32346df99326ce9ad13
      size: 464
    - path: src/train.py
      hash: md5
      md5: b2c44ae3b8a50ad77e993cd672ea70d4
      size: 2713
    outs:
    - path: models/model.pkl
      hash: md5
      md5: b2eba6917e7bcd08544c848b05f7b4c9
      size: 9495
  eval:
    cmd: python -m src.eval --params params.yaml --model models/model.pkl --test
      data/processed/test.csv
    deps:
    - path: data/processed/test.csv
      hash: md5
      md5: 01b953eaf4c76a0e59a2443b7530cdd5
      size: 193030
    - path: models/model.pkl
      hash: md5
      md5: b2eba6917e7bcd08544c848b05f7b4c9
      size: 9495
    - path: params.yaml
      hash: md5
      md5: d4e787221731f32346df99326ce9ad13
      size: 464
    - path: src/eval.py
      hash: md5
      md5: 8a27e07556ef6b6d52c56257c256ffd7
      size: 1965
    outs:
    - path: models/cm.png
      hash: md5
      md5: a94fc4b54fc9b65a6bc7eefec6e1cf4e
      size: 9851
    - path: models/metrics.json
      hash: md5
      md5: 7fd9dd01ced301f7f75a4b2def6578c2
      size: 131
